
Microsoft Visual Studio Solution File, Format Version 12.00
# Visual Studio Version 16
VisualStudioVersion = 16.0.30711.63
MinimumVisualStudioVersion = 10.0.40219.1
Project("{9A19103F-16F7-4668-BE54-9A1E7A4F7556}") = "JobMatcher", "src\JobMatcher.csproj", "{6B6FA981-9F12-4323-A536-017B5925AE8A}"
EndProject
Project("{FAE04EC0-301F-11D3-BF4B-00C04F79EFBC}") = "JobMatcher.Tests", "JobMatcher.Tests\JobMatcher.Tests.csproj", "{69C7C286-DE0F-4D98-8A8A-4AF62DA12715}"
EndProject
Global
	GlobalSection(SolutionConfigurationPlatforms) = preSolution
		Debug|Any CPU = Debug|Any CPU
		Release|Any CPU = Release|Any CPU
	EndGlobalSection
	GlobalSection(ProjectConfigurationPlatforms) = postSolution
		{6B6FA981-9F12-4323-A536-017B5925AE8A}.Debug|Any CPU.ActiveCfg = Debug|Any CPU
		{6B6FA981-9F12-4323-A536-017B5925AE8A}.Debug|Any CPU.Build.0 = Debug|Any CPU
		{6B6FA981-9F12-4323-A536-017B5925AE8A}.Release|Any CPU.ActiveCfg = Release|Any CPU
		{6B6FA981-9F12-4323-A536-017B5925AE8A}.Release|Any CPU.Build.0 = Release|Any CPU
		{69C7C286-DE0F-4D98-8A8A-4AF62DA12715}.Debug|Any CPU.ActiveCfg = Debug|Any CPU
		{69C7C286-DE0F-4D98-8A8A-4AF62DA12715}.Debug|Any CPU.Build.0 = Debug|Any CPU
		{69C7C286-DE0F-4D98-8A8A-4AF62DA12715}.Release|Any CPU.ActiveCfg = Release|Any CPU
		{69C7C286-DE0F-4D98-8A8A-4AF62DA12715}.Release|Any CPU.Build.0 = Release|Any CPU
	EndGlobalSection
	GlobalSection(SolutionProperties) = preSolution
		HideSolutionNode = FALSE
	EndGlobalSection
	GlobalSection(ExtensibilityGlobals) = postSolution
		SolutionGuid = {99F268A7-B851-408E-9452-E7B62AC12B68}
	EndGlobalSection
EndGlobal
